
Microsoft Visual Studio Solution File, Format Version 12.00
# Visual Studio Version 16
VisualStudioVersion = 16.0.29709.97
MinimumVisualStudioVersion = 10.0.40219.1
Project("{FAE04EC0-301F-11D3-BF4B-00C04F79EFBC}") = "MathQuiz", "MathQuiz\MathQuiz.csproj", "{223D15BB-A5B0-4A8B-8BD6-3E8478DBE5F5}"
EndProject
Global
	GlobalSection(SolutionConfigurationPlatforms) = preSolution
		Debug|Any CPU = Debug|Any CPU
		Release|Any CPU = Release|Any CPU
	EndGlobalSection
	GlobalSection(ProjectConfigurationPlatforms) = postSolution
		{223D15BB-A5B0-4A8B-8BD6-3E8478DBE5F5}.Debug|Any CPU.ActiveCfg = Debug|Any CPU
		{223D15BB-A5B0-4A8B-8BD6-3E8478DBE5F5}.Debug|Any CPU.Build.0 = Debug|Any CPU
		{223D15BB-A5B0-4A8B-8BD6-3E8478DBE5F5}.Release|Any CPU.ActiveCfg = Release|Any CPU
		{223D15BB-A5B0-4A8B-8BD6-3E8478DBE5F5}.Release|Any CPU.Build.0 = Release|Any CPU
	EndGlobalSection
	GlobalSection(SolutionProperties) = preSolution
		HideSolutionNode = FALSE
	EndGlobalSection
	GlobalSection(ExtensibilityGlobals) = postSolution
		SolutionGuid = {CC322EE7-306F-49F5-8C17-4784DD527EF5}
	EndGlobalSection
EndGlobal
